
Microsoft Visual Studio Solution File, Format Version 12.00
# Visual Studio Version 17
VisualStudioVersion = 17.6.33723.286
MinimumVisualStudioVersion = 10.0.40219.1
Project("{FAE04EC0-301F-11D3-BF4B-00C04F79EFBC}") = "FormHomework3", "FormHomework3\FormHomework3.csproj", "{3434A9AE-FA24-4212-9512-864BAE19D9D3}"
EndProject
Global
	GlobalSection(SolutionConfigurationPlatforms) = preSolution
		Debug|Any CPU = Debug|Any CPU
		Release|Any CPU = Release|Any CPU
	EndGlobalSection
	GlobalSection(ProjectConfigurationPlatforms) = postSolution
		{3434A9AE-FA24-4212-9512-864BAE19D9D3}.Debug|Any CPU.ActiveCfg = Debug|Any CPU
		{3434A9AE-FA24-4212-9512-864BAE19D9D3}.Debug|Any CPU.Build.0 = Debug|Any CPU
		{3434A9AE-FA24-4212-9512-864BAE19D9D3}.Release|Any CPU.ActiveCfg = Release|Any CPU
		{3434A9AE-FA24-4212-9512-864BAE19D9D3}.Release|Any CPU.Build.0 = Release|Any CPU
	EndGlobalSection
	GlobalSection(SolutionProperties) = preSolution
		HideSolutionNode = FALSE
	EndGlobalSection
	GlobalSection(ExtensibilityGlobals) = postSolution
		SolutionGuid = {678AC680-9294-4DA2-9929-FF33224D91D9}
	EndGlobalSection
EndGlobal
